
Microsoft Visual Studio Solution File, Format Version 9.00
# Visual Studio 2005
Project("{FAE04EC0-301F-11D3-BF4B-00C04F79EFBC}") = "WindowsApplication1", "WindowsApplication1\WindowsApplication1.csproj", "{1D7104E2-E8A6-4F69-AB26-30BD4F625CA2}"
EndProject
Global
	GlobalSection(SolutionConfigurationPlatforms) = preSolution
		Debug|Any CPU = Debug|Any CPU
		Release|Any CPU = Release|Any CPU
	EndGlobalSection
	GlobalSection(ProjectConfigurationPlatforms) = postSolution
		{1D7104E2-E8A6-4F69-AB26-30BD4F625CA2}.Debug|Any CPU.ActiveCfg = Debug|Any CPU
		{1D7104E2-E8A6-4F69-AB26-30BD4F625CA2}.Debug|Any CPU.Build.0 = Debug|Any CPU
		{1D7104E2-E8A6-4F69-AB26-30BD4F625CA2}.Release|Any CPU.ActiveCfg = Release|Any CPU
		{1D7104E2-E8A6-4F69-AB26-30BD4F625CA2}.Release|Any CPU.Build.0 = Release|Any CPU
	EndGlobalSection
	GlobalSection(SolutionProperties) = preSolution
		HideSolutionNode = FALSE
	EndGlobalSection
EndGlobal
